
Microsoft Visual Studio Solution File, Format Version 12.00
# Visual Studio Version 17
VisualStudioVersion = 17.3.32929.385
MinimumVisualStudioVersion = 10.0.40219.1
Project("{FAE04EC0-301F-11D3-BF4B-00C04F79EFBC}") = "EyeGalleryTask", "EyeGalleryTask\EyeGalleryTask.csproj", "{462CD31A-2821-4880-B471-3CEF8DDD40D1}"
EndProject
Global
	GlobalSection(SolutionConfigurationPlatforms) = preSolution
		Debug|Any CPU = Debug|Any CPU
		Release|Any CPU = Release|Any CPU
	EndGlobalSection
	GlobalSection(ProjectConfigurationPlatforms) = postSolution
		{462CD31A-2821-4880-B471-3CEF8DDD40D1}.Debug|Any CPU.ActiveCfg = Debug|Any CPU
		{462CD31A-2821-4880-B471-3CEF8DDD40D1}.Debug|Any CPU.Build.0 = Debug|Any CPU
		{462CD31A-2821-4880-B471-3CEF8DDD40D1}.Release|Any CPU.ActiveCfg = Release|Any CPU
		{462CD31A-2821-4880-B471-3CEF8DDD40D1}.Release|Any CPU.Build.0 = Release|Any CPU
	EndGlobalSection
	GlobalSection(SolutionProperties) = preSolution
		HideSolutionNode = FALSE
	EndGlobalSection
	GlobalSection(ExtensibilityGlobals) = postSolution
		SolutionGuid = {A4621FB9-9942-41B2-99A2-1821FD1A7D01}
	EndGlobalSection
EndGlobal
